{
  "version": 4,
  "terraform_version": "1.10.4",
  "serial": 111,
  "lineage": "09d6ab15-40da-a163-b280-1d0712d40fc2",
  "outputs": {},
  "resources": [
    {
      "mode": "managed",
      "type": "aws_instance",
      "name": "Cloud-Base",
      "provider": "provider[\"registry.terraform.io/hashicorp/aws\"]",
      "instances": [
        {
          "schema_version": 1,
          "attributes": {
            "ami": "ami-0fa40e25bf4dda1f6",
            "arn": "arn:aws:ec2:us-west-2:445567082620:instance/i-0fa1fccbe7e13e82f",
            "associate_public_ip_address": true,
            "availability_zone": "us-west-2b",
            "capacity_reservation_specification": [
              {
                "capacity_reservation_preference": "open",
                "capacity_reservation_target": []
              }
            ],
            "cpu_core_count": 1,
            "cpu_options": [
              {
                "amd_sev_snp": "",
                "core_count": 1,
                "threads_per_core": 1
              }
            ],
            "cpu_threads_per_core": 1,
            "credit_specification": [
              {
                "cpu_credits": "standard"
              }
            ],
            "disable_api_stop": false,
            "disable_api_termination": false,
            "ebs_block_device": [],
            "ebs_optimized": false,
            "enable_primary_ipv6": null,
            "enclave_options": [
              {
                "enabled": false
              }
            ],
            "ephemeral_block_device": [],
            "get_password_data": false,
            "hibernation": false,
            "host_id": "",
            "host_resource_group_arn": null,
            "iam_instance_profile": "",
            "id": "i-0fa1fccbe7e13e82f",
            "instance_initiated_shutdown_behavior": "stop",
            "instance_lifecycle": "",
            "instance_market_options": [],
            "instance_state": "running",
            "instance_type": "t2.micro",
            "ipv6_address_count": 0,
            "ipv6_addresses": [],
            "key_name": "cloud_base",
            "launch_template": [],
            "maintenance_options": [
              {
                "auto_recovery": "default"
              }
            ],
            "metadata_options": [
              {
                "http_endpoint": "enabled",
                "http_protocol_ipv6": "disabled",
                "http_put_response_hop_limit": 2,
                "http_tokens": "required",
                "instance_metadata_tags": "disabled"
              }
            ],
            "monitoring": false,
            "network_interface": [],
            "outpost_arn": "",
            "password_data": "",
            "placement_group": "",
            "placement_partition_number": 0,
            "primary_network_interface_id": "eni-0205dab660ba56429",
            "private_dns": "ip-172-31-26-190.us-west-2.compute.internal",
            "private_dns_name_options": [
              {
                "enable_resource_name_dns_a_record": false,
                "enable_resource_name_dns_aaaa_record": false,
                "hostname_type": "ip-name"
              }
            ],
            "private_ip": "172.31.26.190",
            "public_dns": "ec2-35-86-252-26.us-west-2.compute.amazonaws.com",
            "public_ip": "35.86.252.26",
            "root_block_device": [
              {
                "delete_on_termination": true,
                "device_name": "/dev/xvda",
                "encrypted": false,
                "iops": 3000,
                "kms_key_id": "",
                "tags": {},
                "tags_all": {},
                "throughput": 125,
                "volume_id": "vol-0b0016aab1a5efea0",
                "volume_size": 8,
                "volume_type": "gp3"
              }
            ],
            "secondary_private_ips": [],
            "security_groups": [
              "allow_ssh"
            ],
            "source_dest_check": true,
            "spot_instance_request_id": "",
            "subnet_id": "subnet-03de54afe423f8369",
            "tags": {
              "Name": "Cloud-Base"
            },
            "tags_all": {
              "Name": "Cloud-Base"
            },
            "tenancy": "default",
            "timeouts": null,
            "user_data": null,
            "user_data_base64": null,
            "user_data_replace_on_change": false,
            "volume_tags": null,
            "vpc_security_group_ids": [
              "sg-057a8685ee7bc414d"
            ]
          },
          "sensitive_attributes": [],
          "private": "eyJlMmJmYjczMC1lY2FhLTExZTYtOGY4OC0zNDM2M2JjN2M0YzAiOnsiY3JlYXRlIjo2MDAwMDAwMDAwMDAsImRlbGV0ZSI6MTIwMDAwMDAwMDAwMCwicmVhZCI6OTAwMDAwMDAwMDAwLCJ1cGRhdGUiOjYwMDAwMDAwMDAwMH0sInNjaGVtYV92ZXJzaW9uIjoiMSJ9",
          "dependencies": [
            "aws_key_pair.key_pair",
            "tls_private_key.cloud_base"
          ]
        }
      ]
    },
    {
      "mode": "managed",
      "type": "aws_internet_gateway",
      "name": "my_internet_gateway",
      "provider": "provider[\"registry.terraform.io/hashicorp/aws\"]",
      "instances": [
        {
          "schema_version": 0,
          "attributes": {
            "arn": "arn:aws:ec2:us-west-2:445567082620:internet-gateway/igw-06b7a09884f9516de",
            "id": "igw-06b7a09884f9516de",
            "owner_id": "445567082620",
            "tags": {
              "Name": "cloud-igw"
            },
            "tags_all": {
              "Name": "cloud-igw"
            },
            "timeouts": null,
            "vpc_id": "vpc-0f805af736e0b584e"
          },
          "sensitive_attributes": [],
          "private": "eyJlMmJmYjczMC1lY2FhLTExZTYtOGY4OC0zNDM2M2JjN2M0YzAiOnsiY3JlYXRlIjoxMjAwMDAwMDAwMDAwLCJkZWxldGUiOjEyMDAwMDAwMDAwMDAsInVwZGF0ZSI6MTIwMDAwMDAwMDAwMH19",
          "dependencies": [
            "aws_vpc.my_vpc"
          ]
        }
      ]
    },
    {
      "mode": "managed",
      "type": "aws_key_pair",
      "name": "key_pair",
      "provider": "provider[\"registry.terraform.io/hashicorp/aws\"]",
      "instances": [
        {
          "schema_version": 1,
          "attributes": {
            "arn": "arn:aws:ec2:us-west-2:445567082620:key-pair/cloud_base",
            "fingerprint": "3b:ed:f9:18:1a:2b:4a:17:e2:91:4b:b6:d1:cb:e0:9b",
            "id": "cloud_base",
            "key_name": "cloud_base",
            "key_name_prefix": "",
            "key_pair_id": "key-0d87b503c6d05f6a1",
            "key_type": "rsa",
            "public_key": "ssh-rsa AAAAB3NzaC1yc2EAAAADAQABAAACAQDGckOBKeHIAOAPoNzPLT5ikCWeWPKCVe+SV3y4E2g1jx/gP4/TjofYK96YCRvogoV91yMIPDCL3hRpTmwVIpmkfnrESE+7ODJdZ2f8i4zKtZQRIm1kg/O06LYmz9e14GsmvLLebjqQ+810cjiqs0RJmX/xgiv+yNec/rpedBvrzBPu1wliw9UoC61CMjJYhqixZiQBrEdYLGI4Dzxjdfx/K8K6FyD0V/3tk4HBDaSCNCqrIyBppNGduO0LC0jbPiEhucEWWnpwZmh9Awg9dSsE9VGFfPDK0O9nUeb1mDaZenV65V6dHyxVDPP9rIN1td83YayFi9jklezWDBzzAtbiURvN1Lycq5zet5OdBo+u7gQz+ouCNreap9I38CsGAvijcaLhoI/4eufJIAvW3FG7KD/nX8TvUsRcuN5DIuLKAK9cuJgPqcXE8zZDvxWapKoC5dRToLEqqYpfIMIhLyGVTOdp0MtFwaDigGBPt064636/ScK1SgSUW6ycY1DJT3m3qwCqA9GWZs58zkhooHBamubOAvKUbqvN0IDKYfU+eMteNnZ6cAga0DhpdWjt+OOD33X19lL+ejxH00bub5yJVeuKC1mi6qTBJYq1OWB3QaGKqF505pXXX8fOuTK/5JKQYkUGVXAluTEn5KOUZrBV3rghRTym4OZKcb1C9Pc0IQ==",
            "tags": {},
            "tags_all": {}
          },
          "sensitive_attributes": [],
          "private": "eyJzY2hlbWFfdmVyc2lvbiI6IjEifQ==",
          "dependencies": [
            "tls_private_key.cloud_base"
          ]
        }
      ]
    },
    {
      "mode": "managed",
      "type": "aws_network_acl",
      "name": "ssh_acl",
      "provider": "provider[\"registry.terraform.io/hashicorp/aws\"]",
      "instances": [
        {
          "schema_version": 0,
          "attributes": {
            "arn": "arn:aws:ec2:us-west-2:445567082620:network-acl/acl-0c23690b4664b0f4d",
            "egress": [
              {
                "action": "allow",
                "cidr_block": "0.0.0.0/0",
                "from_port": 0,
                "icmp_code": 0,
                "icmp_type": 0,
                "ipv6_cidr_block": "",
                "protocol": "-1",
                "rule_no": 100,
                "to_port": 0
              }
            ],
            "id": "acl-0c23690b4664b0f4d",
            "ingress": [
              {
                "action": "allow",
                "cidr_block": "0.0.0.0/0",
                "from_port": 22,
                "icmp_code": 0,
                "icmp_type": 0,
                "ipv6_cidr_block": "",
                "protocol": "6",
                "rule_no": 100,
                "to_port": 22
              }
            ],
            "owner_id": "445567082620",
            "subnet_ids": [
              "subnet-0b5bbda81dd6072d5"
            ],
            "tags": {
              "Name": "ssh_acl"
            },
            "tags_all": {
              "Name": "ssh_acl"
            },
            "vpc_id": "vpc-0f805af736e0b584e"
          },
          "sensitive_attributes": [],
          "private": "bnVsbA==",
          "dependencies": [
            "aws_vpc.my_vpc"
          ]
        }
      ]
    },
    {
      "mode": "managed",
      "type": "aws_network_acl_association",
      "name": "my_public_subnet_association",
      "provider": "provider[\"registry.terraform.io/hashicorp/aws\"]",
      "instances": [
        {
          "schema_version": 0,
          "attributes": {
            "id": "aclassoc-0f27518b18b5c5a20",
            "network_acl_id": "acl-0c23690b4664b0f4d",
            "subnet_id": "subnet-0b5bbda81dd6072d5"
          },
          "sensitive_attributes": [],
          "private": "bnVsbA==",
          "dependencies": [
            "aws_network_acl.ssh_acl",
            "aws_subnet.my_public_subnet",
            "aws_vpc.my_vpc"
          ]
        }
      ]
    },
    {
      "mode": "managed",
      "type": "aws_route",
      "name": "default_route",
      "provider": "provider[\"registry.terraform.io/hashicorp/aws\"]",
      "instances": [
        {
          "schema_version": 0,
          "attributes": {
            "carrier_gateway_id": "",
            "core_network_arn": "",
            "destination_cidr_block": "0.0.0.0/0",
            "destination_ipv6_cidr_block": "",
            "destination_prefix_list_id": "",
            "egress_only_gateway_id": "",
            "gateway_id": "igw-06b7a09884f9516de",
            "id": "r-rtb-02099f425dbc2ba7a1080289494",
            "instance_id": "",
            "instance_owner_id": "",
            "local_gateway_id": "",
            "nat_gateway_id": "",
            "network_interface_id": "",
            "origin": "CreateRoute",
            "route_table_id": "rtb-02099f425dbc2ba7a",
            "state": "active",
            "timeouts": null,
            "transit_gateway_id": "",
            "vpc_endpoint_id": "",
            "vpc_peering_connection_id": ""
          },
          "sensitive_attributes": [],
          "private": "eyJlMmJmYjczMC1lY2FhLTExZTYtOGY4OC0zNDM2M2JjN2M0YzAiOnsiY3JlYXRlIjozMDAwMDAwMDAwMDAsImRlbGV0ZSI6MzAwMDAwMDAwMDAwLCJ1cGRhdGUiOjEyMDAwMDAwMDAwMH19",
          "dependencies": [
            "aws_internet_gateway.my_internet_gateway",
            "aws_route_table.my_public_route",
            "aws_vpc.my_vpc"
          ]
        }
      ]
    },
    {
      "mode": "managed",
      "type": "aws_route_table",
      "name": "my_public_route",
      "provider": "provider[\"registry.terraform.io/hashicorp/aws\"]",
      "instances": [
        {
          "schema_version": 0,
          "attributes": {
            "arn": "arn:aws:ec2:us-west-2:445567082620:route-table/rtb-02099f425dbc2ba7a",
            "id": "rtb-02099f425dbc2ba7a",
            "owner_id": "445567082620",
            "propagating_vgws": [],
            "route": [
              {
                "carrier_gateway_id": "",
                "cidr_block": "0.0.0.0/0",
                "core_network_arn": "",
                "destination_prefix_list_id": "",
                "egress_only_gateway_id": "",
                "gateway_id": "igw-06b7a09884f9516de",
                "ipv6_cidr_block": "",
                "local_gateway_id": "",
                "nat_gateway_id": "",
                "network_interface_id": "",
                "transit_gateway_id": "",
                "vpc_endpoint_id": "",
                "vpc_peering_connection_id": ""
              }
            ],
            "tags": {
              "Name": "cloud-public_route"
            },
            "tags_all": {
              "Name": "cloud-public_route"
            },
            "timeouts": null,
            "vpc_id": "vpc-0f805af736e0b584e"
          },
          "sensitive_attributes": [],
          "private": "eyJlMmJmYjczMC1lY2FhLTExZTYtOGY4OC0zNDM2M2JjN2M0YzAiOnsiY3JlYXRlIjozMDAwMDAwMDAwMDAsImRlbGV0ZSI6MzAwMDAwMDAwMDAwLCJ1cGRhdGUiOjEyMDAwMDAwMDAwMH19",
          "dependencies": [
            "aws_vpc.my_vpc"
          ]
        }
      ]
    },
    {
      "mode": "managed",
      "type": "aws_route_table_association",
      "name": "my_public_association",
      "provider": "provider[\"registry.terraform.io/hashicorp/aws\"]",
      "instances": [
        {
          "schema_version": 0,
          "attributes": {
            "gateway_id": "",
            "id": "rtbassoc-02830c58d45081b38",
            "route_table_id": "rtb-02099f425dbc2ba7a",
            "subnet_id": "subnet-0b5bbda81dd6072d5",
            "timeouts": null
          },
          "sensitive_attributes": [],
          "private": "eyJlMmJmYjczMC1lY2FhLTExZTYtOGY4OC0zNDM2M2JjN2M0YzAiOnsiY3JlYXRlIjozMDAwMDAwMDAwMDAsImRlbGV0ZSI6MzAwMDAwMDAwMDAwLCJ1cGRhdGUiOjEyMDAwMDAwMDAwMH19",
          "dependencies": [
            "aws_route_table.my_public_route",
            "aws_subnet.my_public_subnet",
            "aws_vpc.my_vpc"
          ]
        }
      ]
    },
    {
      "mode": "managed",
      "type": "aws_s3_bucket",
      "name": "kendy_cloud_base_bucket",
      "provider": "provider[\"registry.terraform.io/hashicorp/aws\"]",
      "instances": [
        {
          "schema_version": 0,
          "attributes": {
            "acceleration_status": "",
            "acl": null,
            "arn": "arn:aws:s3:::kendy-cloud-base-bucket",
            "bucket": "kendy-cloud-base-bucket",
            "bucket_domain_name": "kendy-cloud-base-bucket.s3.amazonaws.com",
            "bucket_prefix": "",
            "bucket_regional_domain_name": "kendy-cloud-base-bucket.s3.us-west-2.amazonaws.com",
            "cors_rule": [],
            "force_destroy": false,
            "grant": [
              {
                "id": "e16ebba7a49802fe93dbab2dbc78aa3a92d7bbfcea57aa0998acc64c4fc31c58",
                "permissions": [
                  "FULL_CONTROL"
                ],
                "type": "CanonicalUser",
                "uri": ""
              }
            ],
            "hosted_zone_id": "Z3BJ6K6RIION7M",
            "id": "kendy-cloud-base-bucket",
            "lifecycle_rule": [],
            "logging": [],
            "object_lock_configuration": [],
            "object_lock_enabled": false,
            "policy": "",
            "region": "us-west-2",
            "replication_configuration": [],
            "request_payer": "BucketOwner",
            "server_side_encryption_configuration": [
              {
                "rule": [
                  {
                    "apply_server_side_encryption_by_default": [
                      {
                        "kms_master_key_id": "",
                        "sse_algorithm": "AES256"
                      }
                    ],
                    "bucket_key_enabled": false
                  }
                ]
              }
            ],
            "tags": {
              "Name": "cloud_base_bucket"
            },
            "tags_all": {
              "Name": "cloud_base_bucket"
            },
            "timeouts": null,
            "versioning": [
              {
                "enabled": false,
                "mfa_delete": false
              }
            ],
            "website": [],
            "website_domain": null,
            "website_endpoint": null
          },
          "sensitive_attributes": [],
          "private": "eyJlMmJmYjczMC1lY2FhLTExZTYtOGY4OC0zNDM2M2JjN2M0YzAiOnsiY3JlYXRlIjoxMjAwMDAwMDAwMDAwLCJkZWxldGUiOjM2MDAwMDAwMDAwMDAsInJlYWQiOjEyMDAwMDAwMDAwMDAsInVwZGF0ZSI6MTIwMDAwMDAwMDAwMH19"
        }
      ]
    },
    {
      "mode": "managed",
      "type": "aws_security_group",
      "name": "allow_ssh",
      "provider": "provider[\"registry.terraform.io/hashicorp/aws\"]",
      "instances": [
        {
          "schema_version": 1,
          "attributes": {
            "arn": "arn:aws:ec2:us-west-2:445567082620:security-group/sg-057a8685ee7bc414d",
            "description": "Allow SSH access",
            "egress": [
              {
                "cidr_blocks": [
                  "0.0.0.0/0"
                ],
                "description": "",
                "from_port": 0,
                "ipv6_cidr_blocks": [],
                "prefix_list_ids": [],
                "protocol": "-1",
                "security_groups": [],
                "self": false,
                "to_port": 0
              }
            ],
            "id": "sg-057a8685ee7bc414d",
            "ingress": [
              {
                "cidr_blocks": [
                  "0.0.0.0/0"
                ],
                "description": "SSH access",
                "from_port": 22,
                "ipv6_cidr_blocks": [],
                "prefix_list_ids": [],
                "protocol": "tcp",
                "security_groups": [],
                "self": false,
                "to_port": 22
              }
            ],
            "name": "allow_ssh",
            "name_prefix": "",
            "owner_id": "445567082620",
            "revoke_rules_on_delete": false,
            "tags": {
              "Name": "allow_ssh"
            },
            "tags_all": {
              "Name": "allow_ssh"
            },
            "timeouts": null,
            "vpc_id": "vpc-0ebc03ee8efa3d2c3"
          },
          "sensitive_attributes": [],
          "private": "eyJlMmJmYjczMC1lY2FhLTExZTYtOGY4OC0zNDM2M2JjN2M0YzAiOnsiY3JlYXRlIjo2MDAwMDAwMDAwMDAsImRlbGV0ZSI6OTAwMDAwMDAwMDAwfSwic2NoZW1hX3ZlcnNpb24iOiIxIn0="
        }
      ]
    },
    {
      "mode": "managed",
      "type": "aws_subnet",
      "name": "my_public_subnet",
      "provider": "provider[\"registry.terraform.io/hashicorp/aws\"]",
      "instances": [
        {
          "schema_version": 1,
          "attributes": {
            "arn": "arn:aws:ec2:us-west-2:445567082620:subnet/subnet-0b5bbda81dd6072d5",
            "assign_ipv6_address_on_creation": false,
            "availability_zone": "us-west-2b",
            "availability_zone_id": "usw2-az1",
            "cidr_block": "10.123.1.0/24",
            "customer_owned_ipv4_pool": "",
            "enable_dns64": false,
            "enable_lni_at_device_index": 0,
            "enable_resource_name_dns_a_record_on_launch": false,
            "enable_resource_name_dns_aaaa_record_on_launch": false,
            "id": "subnet-0b5bbda81dd6072d5",
            "ipv6_cidr_block": "",
            "ipv6_cidr_block_association_id": "",
            "ipv6_native": false,
            "map_customer_owned_ip_on_launch": false,
            "map_public_ip_on_launch": true,
            "outpost_arn": "",
            "owner_id": "445567082620",
            "private_dns_hostname_type_on_launch": "ip-name",
            "tags": {
              "Name": "cloud-public"
            },
            "tags_all": {
              "Name": "cloud-public"
            },
            "timeouts": null,
            "vpc_id": "vpc-0f805af736e0b584e"
          },
          "sensitive_attributes": [],
          "private": "eyJlMmJmYjczMC1lY2FhLTExZTYtOGY4OC0zNDM2M2JjN2M0YzAiOnsiY3JlYXRlIjo2MDAwMDAwMDAwMDAsImRlbGV0ZSI6MTIwMDAwMDAwMDAwMH0sInNjaGVtYV92ZXJzaW9uIjoiMSJ9",
          "dependencies": [
            "aws_vpc.my_vpc"
          ]
        }
      ]
    },
    {
      "mode": "managed",
      "type": "aws_vpc",
      "name": "my_vpc",
      "provider": "provider[\"registry.terraform.io/hashicorp/aws\"]",
      "instances": [
        {
          "schema_version": 1,
          "attributes": {
            "arn": "arn:aws:ec2:us-west-2:445567082620:vpc/vpc-0f805af736e0b584e",
            "assign_generated_ipv6_cidr_block": false,
            "cidr_block": "10.123.0.0/16",
            "default_network_acl_id": "acl-0119969cc1ca6dc29",
            "default_route_table_id": "rtb-07fe0304756796060",
            "default_security_group_id": "sg-0f15d2445744b1d74",
            "dhcp_options_id": "dopt-06aa4f93cc0a34a8d",
            "enable_dns_hostnames": true,
            "enable_dns_support": true,
            "enable_network_address_usage_metrics": false,
            "id": "vpc-0f805af736e0b584e",
            "instance_tenancy": "default",
            "ipv4_ipam_pool_id": null,
            "ipv4_netmask_length": null,
            "ipv6_association_id": "",
            "ipv6_cidr_block": "",
            "ipv6_cidr_block_network_border_group": "",
            "ipv6_ipam_pool_id": "",
            "ipv6_netmask_length": 0,
            "main_route_table_id": "rtb-07fe0304756796060",
            "owner_id": "445567082620",
            "tags": {
              "Name": "cloud"
            },
            "tags_all": {
              "Name": "cloud"
            }
          },
          "sensitive_attributes": [],
          "private": "eyJzY2hlbWFfdmVyc2lvbiI6IjEifQ=="
        }
      ]
    },
    {
      "mode": "managed",
      "type": "local_file",
      "name": "private_key_pem",
      "provider": "provider[\"registry.terraform.io/hashicorp/local\"]",
      "instances": [
        {
          "schema_version": 0,
          "attributes": {
            "content": "-----BEGIN RSA PRIVATE KEY-----\nMIIJKAIBAAKCAgEAxnJDgSnhyADgD6Dczy0+YpAlnljyglXvkld8uBNoNY8f4D+P\n046H2CvemAkb6IKFfdcjCDwwi94UaU5sFSKZpH56xEhPuzgyXWdn/IuMyrWUESJt\nZIPztOi2Js/XteBrJryy3m46kPvNdHI4qrNESZl/8YIr/sjXnP66XnQb68wT7tcJ\nYsPVKAutQjIyWIaosWYkAaxHWCxiOA88Y3X8fyvCuhcg9Ff97ZOBwQ2kgjQqqyMg\naaTRnbjtCwtI2z4hIbnBFlp6cGZofQMIPXUrBPVRhXzwytDvZ1Hm9Zg2mXp1euVe\nnR8sVQzz/ayDdbXfN2GshYvY5JXs1gwc8wLW4lEbzdS8nKuc3reTnQaPru4EM/qL\ngja3mqfSN/ArBgL4o3Gi4aCP+HrnySAL1txRuyg/51/E71LEXLjeQyLiygCvXLiY\nD6nFxPM2Q78VmqSqAuXUU6CxKqmKXyDCIS8hlUznadDLRcGg4oBgT7dOuOt+v0nC\ntUoElFusnGNQyU95t6sAqgPRlmbOfM5IaKBwWprmzgLylG6rzdCAymH1PnjLXjZ2\nenAIGtA4aXVo7fjjg9919fZS/no8R9NG7m+ciVXrigtZouqkwSWKtTlgd0Ghiqhe\ndOaV11/Hzrkyv+SSkGJFBlVwJbkxJ+SjlGawVd64IUU8puDmSnG9QvT3NCECAwEA\nAQKCAgEAqSgNUrSYuRvF4oyErDUs0Gd/KZM4ZNFL/bqFnYMteTofOc/0kakVMrdy\nbraVC4T2tWYFfqeP2inbzEgE6Z8syILnsxjQng4xIF1cznFF+iT9qf1msh+oRbV4\nT20ruuUpcUO4VNIxKhT59SDIHPniY7pszTjgt7YL1M9tncXrZvv2oci7P20e7ZvG\nfH69W6itc0pVtvdbeVWcA505JK8WJHDw9B9y/9VhpnnuSNmQOUyucmLm5iaQZ5mS\nta9Q01IKe+0TIjLN27Hvr2A+TeTqXreeXeM6fifLao7uCLtPD1TLf461L8m6yGTa\nNoovJM97DoI7xTqID5Gc6Hg61Qq+j3sOgN9OztHjR+7/+JCZvH3j5CqY+6wB2lr1\nKGpAssjDQh0nhhBxHo7Eg2mgXHqS/pxxubyCQLmx2QtGXwDYwSAKSKxJubzJkXsu\nwv/J3GTJJrGaBsVT5gLHbN+bdD2HcvWJfsDT8KAetaEXoMKKyD3C46DBQy3wILDK\n026ko9oSuwUujWFeQ/8YYICnyMtBKhLPEmgYmvZelo9IFIsoT1vaYjvRlB4wwOmW\ntYEXmT6MHKzN1TQSvWDKnuDeJ7SGmozZjyCL5fyWmJO8Y6Cn8YbmZQ6AWEvfcAC1\nXtDI3KNMhHSfR5h9iZQ8/rGAjgnDHdBYe56mgrvLhTX9+FIydoECggEBAO9qkoaY\nkw53zDcQConaJ6ns0uCX+5nTLJq9R2uPQxIdZ46iYYX82HGNns+eppt5ktTP1DWn\narOKczc78mAy1vw+V/xMAYaiXQNRmuzJCdqlRJIb2TI/pu2zH75t7JythKnKPRKK\nkPYU7vB4LJnO0cyfOUgHtRV/CbSj4+ac0Fy8Scq/F6n7Ct6QNlRGZLWw7mSHN4Fc\nXZysXqlH7DFU/g1N1RwOlz+zPQ4M9dmjs2F0JmH9IrWXySW645RrYgvXpzHwi9CA\n0tw78WqhBgrL+iufbv/202/rEoz/kZeCVv/ogfiVyupUSHi+l4McajETEDlSQ0GJ\nSin1sTWikmaS3M0CggEBANQxMgDmDaSv7wp3u54YoosHDlQ3wkXx7a5HsuT701JF\nrsdaOv++NK1IobBsR9lkFcc/JDg/enLtuBnsnaQdFBTZiMGjdnrQonZKEhSPFcyr\nWWzBpEOTOhbFP7ft+nXzh/sUIvsYxr143JOyBJEvDcIbmoUZYipjYV5bXuHZUWpx\nXz+2eFvpN6DlTV0xAeMA37YX2yzQYVnkGXzLPFG1SIC1c5d5TSzc9Dh5iuOHOa77\nr8nlxVmM+QtLZGmwzLdvnYhyq9gbP4ncYNJQ7E74tVQTIxPU9S08xQrr3/xex1kh\nGAyfhagpYer2PCRhvJWDSB+Fj3R+v4EFMnf0yl1KdKUCggEAO2SSyPUctiAd9yLx\nmlUWNd9cSP8rGXP7wr9l8lbt6paE1CuQSe75uuHJHfRbnIJCXKzaFh1cKQIVpwQm\nEptKHfVRWnN4hW/N5z7dUhRlb2pEYoKqFP8ZaCphm5olcpDRMlXLZMgfQgzbYahO\nWDGodjyhty7CS3ziaX+mz9TjE75aCAPz2OVAQwo/kBSOc0xbN3Eb4emKB43zRcdj\n3rEY/S/ryDQObW0Hnm60prMnkut/ghuL+sSWz9dXEcC55/otrgPgi28J4Dy2nR8p\nIpCLlTrODI2s0jzcs0HLWmypLH7/jy2J0yvpdprBd3MbHOV/xtiTerSWQ2aB+a5E\n51FTmQKCAQBJtDzWKxKaHbI+RJCavZvYBr9naWbFvN7+JlFxUDd64FFxVVog8wSB\nHDVtfm8Gh8k4yCngj8wMl53XA2VOV/tdsqHaANlql4WW6OuW0IyV5v7M1AYmosEO\nn70eOj9BMTIOeFQeO+Dsd0rG0pLbiyiQP95QVRzP9G0hxUMT19R70J1xGAR+iGeW\nL4/LyvYIz4jlSywKSOdHvf9MZZuyFfH1IxHfj3bLGoSKCU3A8nuK2EmbK4B9NoZa\n8fkS7SJupQpnFs2x5uUPEclfxFQQqjrx1SPeA56V9AHNZVkL5DACOYiM+ewHGTi1\n0InbaUeD93HZ4R6PLGeAfTmmiRSxiucxAoIBAHx2brsKtnenuO5wt02ylxZuQK2b\nP6LE1TWFaJZpqP5sOrsGcEHl1FCyUgE1DDruveeLVjQrnQ+UqQTUaxUBh223lWTv\nHxdCW6D8KPfm2T1vbwko+683KgB3svsopWCzD2y5/nuU/SK5EnMetgDIGftJnf81\n8nGxXfr5ql8EUjpUrASCcSsujujIE9YX7mST1ncw+wCNAgx7gmOFVk+QfkiEDlvm\n3/NZMCL/wKbWyNntH4XrGAN7cpORiUptEOpBlWHyzmOFyfWH76c+jG6nPGMgvJ12\np02HSGy4mWFWXrekZWP1QSD5mWGFsYqURQ4otH/uNCO71SOyAh+bMpUmCdw=\n-----END RSA PRIVATE KEY-----\n",
            "content_base64": null,
            "content_base64sha256": "V5lZQeHsI0zMtPlaa3cY8RL+qKpYOqtR3Hif1Yq7m9s=",
            "content_base64sha512": "cSdvjCg1PRhEhP6APN63oCYPXycXZtDpAaWI195pyG/fCRyjLAH1AFkG6II3vW6g62aYhiC5ZDMeIy1eIjOXpA==",
            "content_md5": "674f78d6308d99675eca6c9aed92756a",
            "content_sha1": "2211ad3b28f5687cb125a8f428d2a21a4834fec7",
            "content_sha256": "57995941e1ec234cccb4f95a6b7718f112fea8aa583aab51dc789fd58abb9bdb",
            "content_sha512": "71276f8c28353d184484fe803cdeb7a0260f5f271766d0e901a588d7de69c86fdf091ca32c01f5005906e88237bd6ea0eb66988620b964331e232d5e223397a4",
            "directory_permission": "0777",
            "file_permission": "0777",
            "filename": "./my-key-pair.pem",
            "id": "2211ad3b28f5687cb125a8f428d2a21a4834fec7",
            "sensitive_content": null,
            "source": null
          },
          "sensitive_attributes": [
            [
              {
                "type": "get_attr",
                "value": "sensitive_content"
              }
            ],
            [
              {
                "type": "get_attr",
                "value": "content"
              }
            ]
          ],
          "dependencies": [
            "tls_private_key.cloud_base"
          ]
        }
      ]
    },
    {
      "mode": "managed",
      "type": "local_file",
      "name": "public_key",
      "provider": "provider[\"registry.terraform.io/hashicorp/local\"]",
      "instances": [
        {
          "schema_version": 0,
          "attributes": {
            "content": "ssh-rsa AAAAB3NzaC1yc2EAAAADAQABAAACAQDGckOBKeHIAOAPoNzPLT5ikCWeWPKCVe+SV3y4E2g1jx/gP4/TjofYK96YCRvogoV91yMIPDCL3hRpTmwVIpmkfnrESE+7ODJdZ2f8i4zKtZQRIm1kg/O06LYmz9e14GsmvLLebjqQ+810cjiqs0RJmX/xgiv+yNec/rpedBvrzBPu1wliw9UoC61CMjJYhqixZiQBrEdYLGI4Dzxjdfx/K8K6FyD0V/3tk4HBDaSCNCqrIyBppNGduO0LC0jbPiEhucEWWnpwZmh9Awg9dSsE9VGFfPDK0O9nUeb1mDaZenV65V6dHyxVDPP9rIN1td83YayFi9jklezWDBzzAtbiURvN1Lycq5zet5OdBo+u7gQz+ouCNreap9I38CsGAvijcaLhoI/4eufJIAvW3FG7KD/nX8TvUsRcuN5DIuLKAK9cuJgPqcXE8zZDvxWapKoC5dRToLEqqYpfIMIhLyGVTOdp0MtFwaDigGBPt064636/ScK1SgSUW6ycY1DJT3m3qwCqA9GWZs58zkhooHBamubOAvKUbqvN0IDKYfU+eMteNnZ6cAga0DhpdWjt+OOD33X19lL+ejxH00bub5yJVeuKC1mi6qTBJYq1OWB3QaGKqF505pXXX8fOuTK/5JKQYkUGVXAluTEn5KOUZrBV3rghRTym4OZKcb1C9Pc0IQ==\n",
            "content_base64": null,
            "content_base64sha256": "jk8CGIsSRlgx7QHroZuJecTS21GCr0cdzKXVLY8BquA=",
            "content_base64sha512": "bY77+Q4rm7lIsOD5+/05exH/op3gIvJlkm9yR9jXGebxOil8pjPrWDH7tkpMmeAO55G9TwaC4Hubts8r/gUZBw==",
            "content_md5": "790bd49c5dd2a483064adcc4d9819bec",
            "content_sha1": "f0eb138b3162fa33333f0e7ea9ec7bee54d1d948",
            "content_sha256": "8e4f02188b12465831ed01eba19b8979c4d2db5182af471dcca5d52d8f01aae0",
            "content_sha512": "6d8efbf90e2b9bb948b0e0f9fbfd397b11ffa29de022f265926f7247d8d719e6f13a297ca633eb5831fbb64a4c99e00ee791bd4f0682e07b9bb6cf2bfe051907",
            "directory_permission": "0777",
            "file_permission": "0777",
            "filename": "./my-key-pair.pub",
            "id": "f0eb138b3162fa33333f0e7ea9ec7bee54d1d948",
            "sensitive_content": null,
            "source": null
          },
          "sensitive_attributes": [
            [
              {
                "type": "get_attr",
                "value": "sensitive_content"
              }
            ]
          ],
          "dependencies": [
            "tls_private_key.cloud_base"
          ]
        }
      ]
    },
    {
      "mode": "managed",
      "type": "tls_private_key",
      "name": "cloud_base",
      "provider": "provider[\"registry.terraform.io/hashicorp/tls\"]",
      "instances": [
        {
          "schema_version": 1,
          "attributes": {
            "algorithm": "RSA",
            "ecdsa_curve": "P224",
            "id": "ca7d59ae30ba5f264fd0e792722906ce27b5cd2c",
            "private_key_openssh": "-----BEGIN OPENSSH PRIVATE KEY-----\nb3BlbnNzaC1rZXktdjEAAAAABG5vbmUAAAAEbm9uZQAAAAAAAAABAAACFwAAAAdz\nc2gtcnNhAAAAAwEAAQAAAgEAxnJDgSnhyADgD6Dczy0+YpAlnljyglXvkld8uBNo\nNY8f4D+P046H2CvemAkb6IKFfdcjCDwwi94UaU5sFSKZpH56xEhPuzgyXWdn/IuM\nyrWUESJtZIPztOi2Js/XteBrJryy3m46kPvNdHI4qrNESZl/8YIr/sjXnP66XnQb\n68wT7tcJYsPVKAutQjIyWIaosWYkAaxHWCxiOA88Y3X8fyvCuhcg9Ff97ZOBwQ2k\ngjQqqyMgaaTRnbjtCwtI2z4hIbnBFlp6cGZofQMIPXUrBPVRhXzwytDvZ1Hm9Zg2\nmXp1euVenR8sVQzz/ayDdbXfN2GshYvY5JXs1gwc8wLW4lEbzdS8nKuc3reTnQaP\nru4EM/qLgja3mqfSN/ArBgL4o3Gi4aCP+HrnySAL1txRuyg/51/E71LEXLjeQyLi\nygCvXLiYD6nFxPM2Q78VmqSqAuXUU6CxKqmKXyDCIS8hlUznadDLRcGg4oBgT7dO\nuOt+v0nCtUoElFusnGNQyU95t6sAqgPRlmbOfM5IaKBwWprmzgLylG6rzdCAymH1\nPnjLXjZ2enAIGtA4aXVo7fjjg9919fZS/no8R9NG7m+ciVXrigtZouqkwSWKtTlg\nd0GhiqhedOaV11/Hzrkyv+SSkGJFBlVwJbkxJ+SjlGawVd64IUU8puDmSnG9QvT3\nNCEAAAc4YGtnb2BrZ28AAAAHc3NoLXJzYQAAAgEAxnJDgSnhyADgD6Dczy0+YpAl\nnljyglXvkld8uBNoNY8f4D+P046H2CvemAkb6IKFfdcjCDwwi94UaU5sFSKZpH56\nxEhPuzgyXWdn/IuMyrWUESJtZIPztOi2Js/XteBrJryy3m46kPvNdHI4qrNESZl/\n8YIr/sjXnP66XnQb68wT7tcJYsPVKAutQjIyWIaosWYkAaxHWCxiOA88Y3X8fyvC\nuhcg9Ff97ZOBwQ2kgjQqqyMgaaTRnbjtCwtI2z4hIbnBFlp6cGZofQMIPXUrBPVR\nhXzwytDvZ1Hm9Zg2mXp1euVenR8sVQzz/ayDdbXfN2GshYvY5JXs1gwc8wLW4lEb\nzdS8nKuc3reTnQaPru4EM/qLgja3mqfSN/ArBgL4o3Gi4aCP+HrnySAL1txRuyg/\n51/E71LEXLjeQyLiygCvXLiYD6nFxPM2Q78VmqSqAuXUU6CxKqmKXyDCIS8hlUzn\nadDLRcGg4oBgT7dOuOt+v0nCtUoElFusnGNQyU95t6sAqgPRlmbOfM5IaKBwWprm\nzgLylG6rzdCAymH1PnjLXjZ2enAIGtA4aXVo7fjjg9919fZS/no8R9NG7m+ciVXr\nigtZouqkwSWKtTlgd0GhiqhedOaV11/Hzrkyv+SSkGJFBlVwJbkxJ+SjlGawVd64\nIUU8puDmSnG9QvT3NCEAAAADAQABAAACAQCpKA1StJi5G8XijISsNSzQZ38pkzhk\n0Uv9uoWdgy15Oh85z/SRqRUyt3JutpULhPa1ZgV+p4/aKdvMSATpnyzIguezGNCe\nDjEgXVzOcUX6JP2p/WayH6hFtXhPbSu65SlxQ7hU0jEqFPn1IMgc+eJjumzNOOC3\ntgvUz22dxetm+/ahyLs/bR7tm8Z8fr1bqK1zSlW291t5VZwDnTkkrxYkcPD0H3L/\n1WGmee5I2ZA5TK5yYubmJpBnmZK1r1DTUgp77RMiMs3bse+vYD5N5Opet55d4zp+\nJ8tqju4Iu08PVMt/jrUvybrIZNo2ii8kz3sOgjvFOogPkZzoeDrVCr6Pew6A307O\n0eNH7v/4kJm8fePkKpj7rAHaWvUoakCyyMNCHSeGEHEejsSDaaBcepL+nHG5vIJA\nubHZC0ZfANjBIApIrEm5vMmRey7C/8ncZMkmsZoGxVPmAsds35t0PYdy9Yl+wNPw\noB61oRegworIPcLjoMFDLfAgsMrTbqSj2hK7BS6NYV5D/xhggKfIy0EqEs8SaBia\n9l6Wj0gUiyhPW9piO9GUHjDA6Za1gReZPowcrM3VNBK9YMqe4N4ntIaajNmPIIvl\n/JaYk7xjoKfxhuZlDoBYS99wALVe0Mjco0yEdJ9HmH2JlDz+sYCOCcMd0Fh7nqaC\nu8uFNf34UjJ2gQAAAQB8dm67CrZ3p7jucLdNspcWbkCtmz+ixNU1hWiWaaj+bDq7\nBnBB5dRQslIBNQw67r3ni1Y0K50PlKkE1GsVAYdtt5Vk7x8XQlug/Cj35tk9b28J\nKPuvNyoAd7L7KKVgsw9suf57lP0iuRJzHrYAyBn7SZ3/NfJxsV36+apfBFI6VKwE\ngnErLo7oyBPWF+5kk9Z3MPsAjQIMe4JjhVZPkH5IhA5b5t/zWTAi/8Cm1sjZ7R+F\n6xgDe3KTkYlKbRDqQZVh8s5jhcn1h++nPoxupzxjILyddqdNh0hsuJlhVl63pGVj\n9UEg+ZlhhbGKlEUOKLR/7jQju9UjsgIfmzKVJgncAAABAQDvapKGmJMOd8w3EAqJ\n2iep7NLgl/uZ0yyavUdrj0MSHWeOomGF/NhxjZ7PnqabeZLUz9Q1p2qzinM3O/Jg\nMtb8Plf8TAGGol0DUZrsyQnapUSSG9kyP6btsx++beycrYSpyj0SipD2FO7weCyZ\nztHMnzlIB7UVfwm0o+PmnNBcvEnKvxep+wrekDZURmS1sO5khzeBXF2crF6pR+wx\nVP4NTdUcDpc/sz0ODPXZo7NhdCZh/SK1l8kluuOUa2IL16cx8IvQgNLcO/FqoQYK\ny/orn27/9tNv6xKM/5GXglb/6IH4lcrqVEh4vpeDHGoxExA5UkNBiUop9bE1opJm\nktzNAAABAQDUMTIA5g2kr+8Kd7ueGKKLBw5UN8JF8e2uR7Lk+9NSRa7HWjr/vjSt\nSKGwbEfZZBXHPyQ4P3py7bgZ7J2kHRQU2YjBo3Z60KJ2ShIUjxXMq1lswaRDkzoW\nxT+37fp184f7FCL7GMa9eNyTsgSRLw3CG5qFGWIqY2FeW17h2VFqcV8/tnhb6Teg\n5U1dMQHjAN+2F9ss0GFZ5Bl8yzxRtUiAtXOXeU0s3PQ4eYrjhzmu+6/J5cVZjPkL\nS2RpsMy3b52IcqvYGz+J3GDSUOxO+LVUEyMT1PUtPMUK69/8XsdZIRgMn4WoKWHq\n9jwkYbyVg0gfhY90fr+BBTJ39MpdSnSlAAAAAAEC\n-----END OPENSSH PRIVATE KEY-----\n",
            "private_key_pem": "-----BEGIN RSA PRIVATE KEY-----\nMIIJKAIBAAKCAgEAxnJDgSnhyADgD6Dczy0+YpAlnljyglXvkld8uBNoNY8f4D+P\n046H2CvemAkb6IKFfdcjCDwwi94UaU5sFSKZpH56xEhPuzgyXWdn/IuMyrWUESJt\nZIPztOi2Js/XteBrJryy3m46kPvNdHI4qrNESZl/8YIr/sjXnP66XnQb68wT7tcJ\nYsPVKAutQjIyWIaosWYkAaxHWCxiOA88Y3X8fyvCuhcg9Ff97ZOBwQ2kgjQqqyMg\naaTRnbjtCwtI2z4hIbnBFlp6cGZofQMIPXUrBPVRhXzwytDvZ1Hm9Zg2mXp1euVe\nnR8sVQzz/ayDdbXfN2GshYvY5JXs1gwc8wLW4lEbzdS8nKuc3reTnQaPru4EM/qL\ngja3mqfSN/ArBgL4o3Gi4aCP+HrnySAL1txRuyg/51/E71LEXLjeQyLiygCvXLiY\nD6nFxPM2Q78VmqSqAuXUU6CxKqmKXyDCIS8hlUznadDLRcGg4oBgT7dOuOt+v0nC\ntUoElFusnGNQyU95t6sAqgPRlmbOfM5IaKBwWprmzgLylG6rzdCAymH1PnjLXjZ2\nenAIGtA4aXVo7fjjg9919fZS/no8R9NG7m+ciVXrigtZouqkwSWKtTlgd0Ghiqhe\ndOaV11/Hzrkyv+SSkGJFBlVwJbkxJ+SjlGawVd64IUU8puDmSnG9QvT3NCECAwEA\nAQKCAgEAqSgNUrSYuRvF4oyErDUs0Gd/KZM4ZNFL/bqFnYMteTofOc/0kakVMrdy\nbraVC4T2tWYFfqeP2inbzEgE6Z8syILnsxjQng4xIF1cznFF+iT9qf1msh+oRbV4\nT20ruuUpcUO4VNIxKhT59SDIHPniY7pszTjgt7YL1M9tncXrZvv2oci7P20e7ZvG\nfH69W6itc0pVtvdbeVWcA505JK8WJHDw9B9y/9VhpnnuSNmQOUyucmLm5iaQZ5mS\nta9Q01IKe+0TIjLN27Hvr2A+TeTqXreeXeM6fifLao7uCLtPD1TLf461L8m6yGTa\nNoovJM97DoI7xTqID5Gc6Hg61Qq+j3sOgN9OztHjR+7/+JCZvH3j5CqY+6wB2lr1\nKGpAssjDQh0nhhBxHo7Eg2mgXHqS/pxxubyCQLmx2QtGXwDYwSAKSKxJubzJkXsu\nwv/J3GTJJrGaBsVT5gLHbN+bdD2HcvWJfsDT8KAetaEXoMKKyD3C46DBQy3wILDK\n026ko9oSuwUujWFeQ/8YYICnyMtBKhLPEmgYmvZelo9IFIsoT1vaYjvRlB4wwOmW\ntYEXmT6MHKzN1TQSvWDKnuDeJ7SGmozZjyCL5fyWmJO8Y6Cn8YbmZQ6AWEvfcAC1\nXtDI3KNMhHSfR5h9iZQ8/rGAjgnDHdBYe56mgrvLhTX9+FIydoECggEBAO9qkoaY\nkw53zDcQConaJ6ns0uCX+5nTLJq9R2uPQxIdZ46iYYX82HGNns+eppt5ktTP1DWn\narOKczc78mAy1vw+V/xMAYaiXQNRmuzJCdqlRJIb2TI/pu2zH75t7JythKnKPRKK\nkPYU7vB4LJnO0cyfOUgHtRV/CbSj4+ac0Fy8Scq/F6n7Ct6QNlRGZLWw7mSHN4Fc\nXZysXqlH7DFU/g1N1RwOlz+zPQ4M9dmjs2F0JmH9IrWXySW645RrYgvXpzHwi9CA\n0tw78WqhBgrL+iufbv/202/rEoz/kZeCVv/ogfiVyupUSHi+l4McajETEDlSQ0GJ\nSin1sTWikmaS3M0CggEBANQxMgDmDaSv7wp3u54YoosHDlQ3wkXx7a5HsuT701JF\nrsdaOv++NK1IobBsR9lkFcc/JDg/enLtuBnsnaQdFBTZiMGjdnrQonZKEhSPFcyr\nWWzBpEOTOhbFP7ft+nXzh/sUIvsYxr143JOyBJEvDcIbmoUZYipjYV5bXuHZUWpx\nXz+2eFvpN6DlTV0xAeMA37YX2yzQYVnkGXzLPFG1SIC1c5d5TSzc9Dh5iuOHOa77\nr8nlxVmM+QtLZGmwzLdvnYhyq9gbP4ncYNJQ7E74tVQTIxPU9S08xQrr3/xex1kh\nGAyfhagpYer2PCRhvJWDSB+Fj3R+v4EFMnf0yl1KdKUCggEAO2SSyPUctiAd9yLx\nmlUWNd9cSP8rGXP7wr9l8lbt6paE1CuQSe75uuHJHfRbnIJCXKzaFh1cKQIVpwQm\nEptKHfVRWnN4hW/N5z7dUhRlb2pEYoKqFP8ZaCphm5olcpDRMlXLZMgfQgzbYahO\nWDGodjyhty7CS3ziaX+mz9TjE75aCAPz2OVAQwo/kBSOc0xbN3Eb4emKB43zRcdj\n3rEY/S/ryDQObW0Hnm60prMnkut/ghuL+sSWz9dXEcC55/otrgPgi28J4Dy2nR8p\nIpCLlTrODI2s0jzcs0HLWmypLH7/jy2J0yvpdprBd3MbHOV/xtiTerSWQ2aB+a5E\n51FTmQKCAQBJtDzWKxKaHbI+RJCavZvYBr9naWbFvN7+JlFxUDd64FFxVVog8wSB\nHDVtfm8Gh8k4yCngj8wMl53XA2VOV/tdsqHaANlql4WW6OuW0IyV5v7M1AYmosEO\nn70eOj9BMTIOeFQeO+Dsd0rG0pLbiyiQP95QVRzP9G0hxUMT19R70J1xGAR+iGeW\nL4/LyvYIz4jlSywKSOdHvf9MZZuyFfH1IxHfj3bLGoSKCU3A8nuK2EmbK4B9NoZa\n8fkS7SJupQpnFs2x5uUPEclfxFQQqjrx1SPeA56V9AHNZVkL5DACOYiM+ewHGTi1\n0InbaUeD93HZ4R6PLGeAfTmmiRSxiucxAoIBAHx2brsKtnenuO5wt02ylxZuQK2b\nP6LE1TWFaJZpqP5sOrsGcEHl1FCyUgE1DDruveeLVjQrnQ+UqQTUaxUBh223lWTv\nHxdCW6D8KPfm2T1vbwko+683KgB3svsopWCzD2y5/nuU/SK5EnMetgDIGftJnf81\n8nGxXfr5ql8EUjpUrASCcSsujujIE9YX7mST1ncw+wCNAgx7gmOFVk+QfkiEDlvm\n3/NZMCL/wKbWyNntH4XrGAN7cpORiUptEOpBlWHyzmOFyfWH76c+jG6nPGMgvJ12\np02HSGy4mWFWXrekZWP1QSD5mWGFsYqURQ4otH/uNCO71SOyAh+bMpUmCdw=\n-----END RSA PRIVATE KEY-----\n",
            "private_key_pem_pkcs8": "-----BEGIN PRIVATE KEY-----\nMIIJQgIBADANBgkqhkiG9w0BAQEFAASCCSwwggkoAgEAAoICAQDGckOBKeHIAOAP\noNzPLT5ikCWeWPKCVe+SV3y4E2g1jx/gP4/TjofYK96YCRvogoV91yMIPDCL3hRp\nTmwVIpmkfnrESE+7ODJdZ2f8i4zKtZQRIm1kg/O06LYmz9e14GsmvLLebjqQ+810\ncjiqs0RJmX/xgiv+yNec/rpedBvrzBPu1wliw9UoC61CMjJYhqixZiQBrEdYLGI4\nDzxjdfx/K8K6FyD0V/3tk4HBDaSCNCqrIyBppNGduO0LC0jbPiEhucEWWnpwZmh9\nAwg9dSsE9VGFfPDK0O9nUeb1mDaZenV65V6dHyxVDPP9rIN1td83YayFi9jklezW\nDBzzAtbiURvN1Lycq5zet5OdBo+u7gQz+ouCNreap9I38CsGAvijcaLhoI/4eufJ\nIAvW3FG7KD/nX8TvUsRcuN5DIuLKAK9cuJgPqcXE8zZDvxWapKoC5dRToLEqqYpf\nIMIhLyGVTOdp0MtFwaDigGBPt064636/ScK1SgSUW6ycY1DJT3m3qwCqA9GWZs58\nzkhooHBamubOAvKUbqvN0IDKYfU+eMteNnZ6cAga0DhpdWjt+OOD33X19lL+ejxH\n00bub5yJVeuKC1mi6qTBJYq1OWB3QaGKqF505pXXX8fOuTK/5JKQYkUGVXAluTEn\n5KOUZrBV3rghRTym4OZKcb1C9Pc0IQIDAQABAoICAQCpKA1StJi5G8XijISsNSzQ\nZ38pkzhk0Uv9uoWdgy15Oh85z/SRqRUyt3JutpULhPa1ZgV+p4/aKdvMSATpnyzI\nguezGNCeDjEgXVzOcUX6JP2p/WayH6hFtXhPbSu65SlxQ7hU0jEqFPn1IMgc+eJj\numzNOOC3tgvUz22dxetm+/ahyLs/bR7tm8Z8fr1bqK1zSlW291t5VZwDnTkkrxYk\ncPD0H3L/1WGmee5I2ZA5TK5yYubmJpBnmZK1r1DTUgp77RMiMs3bse+vYD5N5Ope\nt55d4zp+J8tqju4Iu08PVMt/jrUvybrIZNo2ii8kz3sOgjvFOogPkZzoeDrVCr6P\new6A307O0eNH7v/4kJm8fePkKpj7rAHaWvUoakCyyMNCHSeGEHEejsSDaaBcepL+\nnHG5vIJAubHZC0ZfANjBIApIrEm5vMmRey7C/8ncZMkmsZoGxVPmAsds35t0PYdy\n9Yl+wNPwoB61oRegworIPcLjoMFDLfAgsMrTbqSj2hK7BS6NYV5D/xhggKfIy0Eq\nEs8SaBia9l6Wj0gUiyhPW9piO9GUHjDA6Za1gReZPowcrM3VNBK9YMqe4N4ntIaa\njNmPIIvl/JaYk7xjoKfxhuZlDoBYS99wALVe0Mjco0yEdJ9HmH2JlDz+sYCOCcMd\n0Fh7nqaCu8uFNf34UjJ2gQKCAQEA72qShpiTDnfMNxAKidonqezS4Jf7mdMsmr1H\na49DEh1njqJhhfzYcY2ez56mm3mS1M/UNadqs4pzNzvyYDLW/D5X/EwBhqJdA1Ga\n7MkJ2qVEkhvZMj+m7bMfvm3snK2Eqco9EoqQ9hTu8Hgsmc7RzJ85SAe1FX8JtKPj\n5pzQXLxJyr8XqfsK3pA2VEZktbDuZIc3gVxdnKxeqUfsMVT+DU3VHA6XP7M9Dgz1\n2aOzYXQmYf0itZfJJbrjlGtiC9enMfCL0IDS3DvxaqEGCsv6K59u//bTb+sSjP+R\nl4JW/+iB+JXK6lRIeL6XgxxqMRMQOVJDQYlKKfWxNaKSZpLczQKCAQEA1DEyAOYN\npK/vCne7nhiiiwcOVDfCRfHtrkey5PvTUkWux1o6/740rUihsGxH2WQVxz8kOD96\ncu24GeydpB0UFNmIwaN2etCidkoSFI8VzKtZbMGkQ5M6FsU/t+36dfOH+xQi+xjG\nvXjck7IEkS8NwhuahRliKmNhXlte4dlRanFfP7Z4W+k3oOVNXTEB4wDfthfbLNBh\nWeQZfMs8UbVIgLVzl3lNLNz0OHmK44c5rvuvyeXFWYz5C0tkabDMt2+diHKr2Bs/\nidxg0lDsTvi1VBMjE9T1LTzFCuvf/F7HWSEYDJ+FqClh6vY8JGG8lYNIH4WPdH6/\ngQUyd/TKXUp0pQKCAQA7ZJLI9Ry2IB33IvGaVRY131xI/ysZc/vCv2XyVu3qloTU\nK5BJ7vm64ckd9FucgkJcrNoWHVwpAhWnBCYSm0od9VFac3iFb83nPt1SFGVvakRi\ngqoU/xloKmGbmiVykNEyVctkyB9CDNthqE5YMah2PKG3LsJLfOJpf6bP1OMTvloI\nA/PY5UBDCj+QFI5zTFs3cRvh6YoHjfNFx2PesRj9L+vINA5tbQeebrSmsyeS63+C\nG4v6xJbP11cRwLnn+i2uA+CLbwngPLadHykikIuVOs4MjazSPNyzQctabKksfv+P\nLYnTK+l2msF3cxsc5X/G2JN6tJZDZoH5rkTnUVOZAoIBAEm0PNYrEpodsj5EkJq9\nm9gGv2dpZsW83v4mUXFQN3rgUXFVWiDzBIEcNW1+bwaHyTjIKeCPzAyXndcDZU5X\n+12yodoA2WqXhZbo65bQjJXm/szUBiaiwQ6fvR46P0ExMg54VB474Ox3SsbSktuL\nKJA/3lBVHM/0bSHFQxPX1HvQnXEYBH6IZ5Yvj8vK9gjPiOVLLApI50e9/0xlm7IV\n8fUjEd+PdssahIoJTcDye4rYSZsrgH02hlrx+RLtIm6lCmcWzbHm5Q8RyV/EVBCq\nOvHVI94DnpX0Ac1lWQvkMAI5iIz57AcZOLXQidtpR4P3cdnhHo8sZ4B9OaaJFLGK\n5zECggEAfHZuuwq2d6e47nC3TbKXFm5ArZs/osTVNYVolmmo/mw6uwZwQeXUULJS\nATUMOu6954tWNCudD5SpBNRrFQGHbbeVZO8fF0JboPwo9+bZPW9vCSj7rzcqAHey\n+yilYLMPbLn+e5T9IrkScx62AMgZ+0md/zXycbFd+vmqXwRSOlSsBIJxKy6O6MgT\n1hfuZJPWdzD7AI0CDHuCY4VWT5B+SIQOW+bf81kwIv/AptbI2e0fhesYA3tyk5GJ\nSm0Q6kGVYfLOY4XJ9Yfvpz6Mbqc8YyC8nXanTYdIbLiZYVZet6RlY/VBIPmZYYWx\nipRFDii0f+40I7vVI7ICH5sylSYJ3A==\n-----END PRIVATE KEY-----\n",
            "public_key_fingerprint_md5": "a8:8a:31:e3:bc:8d:5f:eb:36:51:23:7b:2a:bb:ca:7e",
            "public_key_fingerprint_sha256": "SHA256:x+9TQXvP8FyM47O93ws1PKHo2AWW/jp9zH5RLWtoJ0w",
            "public_key_openssh": "ssh-rsa AAAAB3NzaC1yc2EAAAADAQABAAACAQDGckOBKeHIAOAPoNzPLT5ikCWeWPKCVe+SV3y4E2g1jx/gP4/TjofYK96YCRvogoV91yMIPDCL3hRpTmwVIpmkfnrESE+7ODJdZ2f8i4zKtZQRIm1kg/O06LYmz9e14GsmvLLebjqQ+810cjiqs0RJmX/xgiv+yNec/rpedBvrzBPu1wliw9UoC61CMjJYhqixZiQBrEdYLGI4Dzxjdfx/K8K6FyD0V/3tk4HBDaSCNCqrIyBppNGduO0LC0jbPiEhucEWWnpwZmh9Awg9dSsE9VGFfPDK0O9nUeb1mDaZenV65V6dHyxVDPP9rIN1td83YayFi9jklezWDBzzAtbiURvN1Lycq5zet5OdBo+u7gQz+ouCNreap9I38CsGAvijcaLhoI/4eufJIAvW3FG7KD/nX8TvUsRcuN5DIuLKAK9cuJgPqcXE8zZDvxWapKoC5dRToLEqqYpfIMIhLyGVTOdp0MtFwaDigGBPt064636/ScK1SgSUW6ycY1DJT3m3qwCqA9GWZs58zkhooHBamubOAvKUbqvN0IDKYfU+eMteNnZ6cAga0DhpdWjt+OOD33X19lL+ejxH00bub5yJVeuKC1mi6qTBJYq1OWB3QaGKqF505pXXX8fOuTK/5JKQYkUGVXAluTEn5KOUZrBV3rghRTym4OZKcb1C9Pc0IQ==\n",
            "public_key_pem": "-----BEGIN PUBLIC KEY-----\nMIICIjANBgkqhkiG9w0BAQEFAAOCAg8AMIICCgKCAgEAxnJDgSnhyADgD6Dczy0+\nYpAlnljyglXvkld8uBNoNY8f4D+P046H2CvemAkb6IKFfdcjCDwwi94UaU5sFSKZ\npH56xEhPuzgyXWdn/IuMyrWUESJtZIPztOi2Js/XteBrJryy3m46kPvNdHI4qrNE\nSZl/8YIr/sjXnP66XnQb68wT7tcJYsPVKAutQjIyWIaosWYkAaxHWCxiOA88Y3X8\nfyvCuhcg9Ff97ZOBwQ2kgjQqqyMgaaTRnbjtCwtI2z4hIbnBFlp6cGZofQMIPXUr\nBPVRhXzwytDvZ1Hm9Zg2mXp1euVenR8sVQzz/ayDdbXfN2GshYvY5JXs1gwc8wLW\n4lEbzdS8nKuc3reTnQaPru4EM/qLgja3mqfSN/ArBgL4o3Gi4aCP+HrnySAL1txR\nuyg/51/E71LEXLjeQyLiygCvXLiYD6nFxPM2Q78VmqSqAuXUU6CxKqmKXyDCIS8h\nlUznadDLRcGg4oBgT7dOuOt+v0nCtUoElFusnGNQyU95t6sAqgPRlmbOfM5IaKBw\nWprmzgLylG6rzdCAymH1PnjLXjZ2enAIGtA4aXVo7fjjg9919fZS/no8R9NG7m+c\niVXrigtZouqkwSWKtTlgd0GhiqhedOaV11/Hzrkyv+SSkGJFBlVwJbkxJ+SjlGaw\nVd64IUU8puDmSnG9QvT3NCECAwEAAQ==\n-----END PUBLIC KEY-----\n",
            "rsa_bits": 4096
          },
          "sensitive_attributes": [
            [
              {
                "type": "get_attr",
                "value": "private_key_pem_pkcs8"
              }
            ],
            [
              {
                "type": "get_attr",
                "value": "private_key_openssh"
              }
            ],
            [
              {
                "type": "get_attr",
                "value": "private_key_pem"
              }
            ]
          ]
        }
      ]
    }
  ],
  "check_results": null
}
